
Microsoft Visual Studio Solution File, Format Version 12.00
# Visual Studio Version 17
VisualStudioVersion = 17.4.33103.184
MinimumVisualStudioVersion = 10.0.40219.1
Project("{FAE04EC0-301F-11D3-BF4B-00C04F79EFBC}") = "simonas.pranaitis", "simonas.pranaitis.csproj", "{AB7EF80E-48BE-423F-B78F-75D9833394FE}"
EndProject
Global
	GlobalSection(SolutionConfigurationPlatforms) = preSolution
		Debug|Any CPU = Debug|Any CPU
		Release|Any CPU = Release|Any CPU
	EndGlobalSection
	GlobalSection(ProjectConfigurationPlatforms) = postSolution
		{AB7EF80E-48BE-423F-B78F-75D9833394FE}.Debug|Any CPU.ActiveCfg = Debug|Any CPU
		{AB7EF80E-48BE-423F-B78F-75D9833394FE}.Debug|Any CPU.Build.0 = Debug|Any CPU
		{AB7EF80E-48BE-423F-B78F-75D9833394FE}.Release|Any CPU.ActiveCfg = Release|Any CPU
		{AB7EF80E-48BE-423F-B78F-75D9833394FE}.Release|Any CPU.Build.0 = Release|Any CPU
	EndGlobalSection
	GlobalSection(SolutionProperties) = preSolution
		HideSolutionNode = FALSE
	EndGlobalSection
	GlobalSection(ExtensibilityGlobals) = postSolution
		SolutionGuid = {A85644BB-AC6B-43C4-A47F-EA264B52CC05}
	EndGlobalSection
EndGlobal
